
Microsoft Visual Studio Solution File, Format Version 12.00
# Visual Studio Version 17
VisualStudioVersion = 17.14.36414.22
MinimumVisualStudioVersion = 10.0.40219.1
Project("{FAE04EC0-301F-11D3-BF4B-00C04F79EFBC}") = "PulsarGuiDemo", "PulsarGuiDemo\PulsarGuiDemo.csproj", "{83E33F0F-352C-4F90-862B-54FA9B357B81}"
EndProject
Project("{FAE04EC0-301F-11D3-BF4B-00C04F79EFBC}") = "ViewerApp", "ViewerApp\ViewerApp.csproj", "{DFE8E514-E35D-4BC9-AC7D-A618C9EFF526}"
EndProject
Global
	GlobalSection(SolutionConfigurationPlatforms) = preSolution
		Debug|x64 = Debug|x64
		Release|x64 = Release|x64
	EndGlobalSection
	GlobalSection(ProjectConfigurationPlatforms) = postSolution
		{83E33F0F-352C-4F90-862B-54FA9B357B81}.Debug|x64.ActiveCfg = Debug|x64
		{83E33F0F-352C-4F90-862B-54FA9B357B81}.Debug|x64.Build.0 = Debug|x64
		{83E33F0F-352C-4F90-862B-54FA9B357B81}.Release|x64.ActiveCfg = Release|x64
		{83E33F0F-352C-4F90-862B-54FA9B357B81}.Release|x64.Build.0 = Release|x64
		{DFE8E514-E35D-4BC9-AC7D-A618C9EFF526}.Debug|x64.ActiveCfg = Debug|Any CPU
		{DFE8E514-E35D-4BC9-AC7D-A618C9EFF526}.Debug|x64.Build.0 = Debug|Any CPU
		{DFE8E514-E35D-4BC9-AC7D-A618C9EFF526}.Release|x64.ActiveCfg = Release|Any CPU
		{DFE8E514-E35D-4BC9-AC7D-A618C9EFF526}.Release|x64.Build.0 = Release|Any CPU
	EndGlobalSection
	GlobalSection(SolutionProperties) = preSolution
		HideSolutionNode = FALSE
	EndGlobalSection
	GlobalSection(ExtensibilityGlobals) = postSolution
		SolutionGuid = {4B536919-A4B0-4378-92E3-8E2AD5F786AE}
	EndGlobalSection
EndGlobal
